
Microsoft Visual Studio Solution File, Format Version 12.00
# Visual Studio Version 17
VisualStudioVersion = 17.8.34330.188
MinimumVisualStudioVersion = 10.0.40219.1
Project("{8BC9CEB8-8B4A-11D0-8D11-00A0C91BC942}") = "Weighted Matrix", "Weighted Matrix\Weighted Matrix.vcxproj", "{3AB05827-DC26-4BEB-BDA6-E6FE42E766AE}"
EndProject
Global
	GlobalSection(SolutionConfigurationPlatforms) = preSolution
		Debug|x64 = Debug|x64
		Debug|x86 = Debug|x86
		Release|x64 = Release|x64
		Release|x86 = Release|x86
	EndGlobalSection
	GlobalSection(ProjectConfigurationPlatforms) = postSolution
		{3AB05827-DC26-4BEB-BDA6-E6FE42E766AE}.Debug|x64.ActiveCfg = Debug|x64
		{3AB05827-DC26-4BEB-BDA6-E6FE42E766AE}.Debug|x64.Build.0 = Debug|x64
		{3AB05827-DC26-4BEB-BDA6-E6FE42E766AE}.Debug|x86.ActiveCfg = Debug|Win32
		{3AB05827-DC26-4BEB-BDA6-E6FE42E766AE}.Debug|x86.Build.0 = Debug|Win32
		{3AB05827-DC26-4BEB-BDA6-E6FE42E766AE}.Release|x64.ActiveCfg = Release|x64
		{3AB05827-DC26-4BEB-BDA6-E6FE42E766AE}.Release|x64.Build.0 = Release|x64
		{3AB05827-DC26-4BEB-BDA6-E6FE42E766AE}.Release|x86.ActiveCfg = Release|Win32
		{3AB05827-DC26-4BEB-BDA6-E6FE42E766AE}.Release|x86.Build.0 = Release|Win32
	EndGlobalSection
	GlobalSection(SolutionProperties) = preSolution
		HideSolutionNode = FALSE
	EndGlobalSection
	GlobalSection(ExtensibilityGlobals) = postSolution
		SolutionGuid = {F37111DF-7258-4753-A658-CFC0AC8D71C2}
	EndGlobalSection
EndGlobal
